{
    "_meta": {
        "hash": {
            "sha256": "27bbbd950102ed7abc44f615a5da4bf7a08ff0e8e423a12d6b28959fd17f86c1"
        },
        "pipfile-spec": 6,
        "requires": {
            "python_version": "3*"
        },
        "sources": [
            {
                "name": "pypi",
                "url": "https://pypi.org/simple",
                "verify_ssl": true
            }
        ]
    },
    "default": {
        "pyperclip": {
            "hashes": [
                "sha256:105254a8b04934f0bc84e9c24eb360a591aaf6535c9def5f29d92af107a9bf57"
            ],
            "index": "pypi",
            "version": "==1.8.2"
        },
        "tinydb": {
            "hashes": [
                "sha256:3c5e5c72c98db07e707be4e25f9e135a8a14b96938e4745b1b7187fec523ff58",
                "sha256:7d18b2d0217827c188f177cd23df60e5cd5316a717e836a8e21c8c2488262cf5"
            ],
            "index": "pypi",
            "version": "==4.5.2"
        }
    },
    "develop": {}
}
